
Microsoft Visual Studio Solution File, Format Version 12.00
# Visual Studio 15
VisualStudioVersion = 15.0.27130.0
MinimumVisualStudioVersion = 10.0.40219.1
Project("{FAE04EC0-301F-11D3-BF4B-00C04F79EFBC}") = "CTSProject.GUI", "CTSProject.GUI\CTSProject.GUI.csproj", "{9BC9B820-BDCC-43A1-AA71-08FDC71A964C}"
EndProject
Project("{FAE04EC0-301F-11D3-BF4B-00C04F79EFBC}") = "CTSProject.UI", "CTSProject.UI\CTSProject.UI.csproj", "{F1E61575-F8DF-4CF9-973A-89F011F88DD9}"
EndProject
Project("{FAE04EC0-301F-11D3-BF4B-00C04F79EFBC}") = "CTSProject.Data", "CTSProject.Data\CTSProject.Data.csproj", "{2108AB71-5172-4484-9C38-4A6415BC7299}"
EndProject
Global
	GlobalSection(SolutionConfigurationPlatforms) = preSolution
		Debug|Any CPU = Debug|Any CPU
		Release|Any CPU = Release|Any CPU
	EndGlobalSection
	GlobalSection(ProjectConfigurationPlatforms) = postSolution
		{9BC9B820-BDCC-43A1-AA71-08FDC71A964C}.Debug|Any CPU.ActiveCfg = Debug|Any CPU
		{9BC9B820-BDCC-43A1-AA71-08FDC71A964C}.Debug|Any CPU.Build.0 = Debug|Any CPU
		{9BC9B820-BDCC-43A1-AA71-08FDC71A964C}.Release|Any CPU.ActiveCfg = Release|Any CPU
		{9BC9B820-BDCC-43A1-AA71-08FDC71A964C}.Release|Any CPU.Build.0 = Release|Any CPU
		{F1E61575-F8DF-4CF9-973A-89F011F88DD9}.Debug|Any CPU.ActiveCfg = Debug|Any CPU
		{F1E61575-F8DF-4CF9-973A-89F011F88DD9}.Debug|Any CPU.Build.0 = Debug|Any CPU
		{F1E61575-F8DF-4CF9-973A-89F011F88DD9}.Release|Any CPU.ActiveCfg = Release|Any CPU
		{F1E61575-F8DF-4CF9-973A-89F011F88DD9}.Release|Any CPU.Build.0 = Release|Any CPU
		{2108AB71-5172-4484-9C38-4A6415BC7299}.Debug|Any CPU.ActiveCfg = Debug|Any CPU
		{2108AB71-5172-4484-9C38-4A6415BC7299}.Debug|Any CPU.Build.0 = Debug|Any CPU
		{2108AB71-5172-4484-9C38-4A6415BC7299}.Release|Any CPU.ActiveCfg = Release|Any CPU
		{2108AB71-5172-4484-9C38-4A6415BC7299}.Release|Any CPU.Build.0 = Release|Any CPU
	EndGlobalSection
	GlobalSection(SolutionProperties) = preSolution
		HideSolutionNode = FALSE
	EndGlobalSection
	GlobalSection(ExtensibilityGlobals) = postSolution
		SolutionGuid = {164EFFE7-116F-4425-AB12-F9FECB95225E}
	EndGlobalSection
EndGlobal
